
Microsoft Visual Studio Solution File, Format Version 12.00
# Visual Studio Version 17
VisualStudioVersion = 17.11.35327.3
MinimumVisualStudioVersion = 10.0.40219.1
Project("{9A19103F-16F7-4668-BE54-9A1E7A4F7556}") = "CleanAssessment", "CleanAssessment\CleanAssessment.csproj", "{0BEB5DDE-0207-4E86-94FC-205E818E9930}"
EndProject
Project("{2150E333-8FDC-42A3-9474-1A3956D46DE8}") = "Domain", "Domain", "{F9D28B39-6BBB-4E86-97EA-A9EFAFAF9FA3}"
EndProject
Project("{2150E333-8FDC-42A3-9474-1A3956D46DE8}") = "Shared", "Shared", "{93EEA888-1DEE-4DF2-88EA-ED8ECA66D9DE}"
EndProject
Project("{2150E333-8FDC-42A3-9474-1A3956D46DE8}") = "Web", "Web", "{E114DAF9-017C-47BB-BBA9-5D5A3FCE4A9A}"
EndProject
Project("{9A19103F-16F7-4668-BE54-9A1E7A4F7556}") = "CleanAssessment.Shared", "CleanAssessment.Shared\CleanAssessment.Shared.csproj", "{AAD844F3-73D7-4B0D-9CA7-B4642952CFFA}"
EndProject
Project("{9A19103F-16F7-4668-BE54-9A1E7A4F7556}") = "CleanAssessment.Domain", "CleanAssessment.Domain\CleanAssessment.Domain.csproj", "{124F970C-9E37-4507-A99E-40CD1D6BF7AA}"
EndProject
Project("{9A19103F-16F7-4668-BE54-9A1E7A4F7556}") = "CleanAssessment.DB", "CleanAssessment.DB\CleanAssessment.DB.csproj", "{B1F70693-AE99-4403-A080-06EB3ADD0FE1}"
EndProject
Global
	GlobalSection(SolutionConfigurationPlatforms) = preSolution
		Debug|Any CPU = Debug|Any CPU
		Release|Any CPU = Release|Any CPU
	EndGlobalSection
	GlobalSection(ProjectConfigurationPlatforms) = postSolution
		{0BEB5DDE-0207-4E86-94FC-205E818E9930}.Debug|Any CPU.ActiveCfg = Debug|Any CPU
		{0BEB5DDE-0207-4E86-94FC-205E818E9930}.Debug|Any CPU.Build.0 = Debug|Any CPU
		{0BEB5DDE-0207-4E86-94FC-205E818E9930}.Release|Any CPU.ActiveCfg = Release|Any CPU
		{0BEB5DDE-0207-4E86-94FC-205E818E9930}.Release|Any CPU.Build.0 = Release|Any CPU
		{AAD844F3-73D7-4B0D-9CA7-B4642952CFFA}.Debug|Any CPU.ActiveCfg = Debug|Any CPU
		{AAD844F3-73D7-4B0D-9CA7-B4642952CFFA}.Debug|Any CPU.Build.0 = Debug|Any CPU
		{AAD844F3-73D7-4B0D-9CA7-B4642952CFFA}.Release|Any CPU.ActiveCfg = Release|Any CPU
		{AAD844F3-73D7-4B0D-9CA7-B4642952CFFA}.Release|Any CPU.Build.0 = Release|Any CPU
		{124F970C-9E37-4507-A99E-40CD1D6BF7AA}.Debug|Any CPU.ActiveCfg = Debug|Any CPU
		{124F970C-9E37-4507-A99E-40CD1D6BF7AA}.Debug|Any CPU.Build.0 = Debug|Any CPU
		{124F970C-9E37-4507-A99E-40CD1D6BF7AA}.Release|Any CPU.ActiveCfg = Release|Any CPU
		{124F970C-9E37-4507-A99E-40CD1D6BF7AA}.Release|Any CPU.Build.0 = Release|Any CPU
		{B1F70693-AE99-4403-A080-06EB3ADD0FE1}.Debug|Any CPU.ActiveCfg = Debug|Any CPU
		{B1F70693-AE99-4403-A080-06EB3ADD0FE1}.Debug|Any CPU.Build.0 = Debug|Any CPU
		{B1F70693-AE99-4403-A080-06EB3ADD0FE1}.Release|Any CPU.ActiveCfg = Release|Any CPU
		{B1F70693-AE99-4403-A080-06EB3ADD0FE1}.Release|Any CPU.Build.0 = Release|Any CPU
	EndGlobalSection
	GlobalSection(SolutionProperties) = preSolution
		HideSolutionNode = FALSE
	EndGlobalSection
	GlobalSection(NestedProjects) = preSolution
		{0BEB5DDE-0207-4E86-94FC-205E818E9930} = {E114DAF9-017C-47BB-BBA9-5D5A3FCE4A9A}
		{AAD844F3-73D7-4B0D-9CA7-B4642952CFFA} = {93EEA888-1DEE-4DF2-88EA-ED8ECA66D9DE}
		{124F970C-9E37-4507-A99E-40CD1D6BF7AA} = {F9D28B39-6BBB-4E86-97EA-A9EFAFAF9FA3}
	EndGlobalSection
	GlobalSection(ExtensibilityGlobals) = postSolution
		SolutionGuid = {921B5758-47BA-4DAD-A816-95AF1166781B}
	EndGlobalSection
EndGlobal
